<?xml version="1.0" encoding="utf-8"?>
<Project ToolsVersion="4.0" xmlns="http://schemas.microsoft.com/developer/msbuild/2003">
  <ItemGroup>
    <Filter Include="Source Files">
      <UniqueIdentifier>{4FC737F1-C7A5-4376-A066-2A32D752A2FF}</UniqueIdentifier>
      <Extensions>cpp;c;cc;cxx;c++;cppm;ixx;def;odl;idl;hpj;bat;asm;asmx</Extensions>
    </Filter>
    <Filter Include="Header Files">
      <UniqueIdentifier>{93995380-89BD-4b04-88EB-625FBE52EBFB}</UniqueIdentifier>
      <Extensions>h;hh;hpp;hxx;h++;hm;inl;inc;ipp;xsd</Extensions>
    </Filter>
    <Filter Include="Resource Files">
      <UniqueIdentifier>{67DA6AB6-F800-4c08-8B7A-83BB121AAD01}</UniqueIdentifier>
      <Extensions>rc;ico;cur;bmp;dlg;rc2;rct;bin;rgs;gif;jpg;jpeg;jpe;resx;tiff;tif;png;wav;mfcribbon-ms</Extensions>
    </Filter>
  </ItemGroup>
  <ItemGroup>
    <ClInclude Include="framework.h">
      <Filter>Header Files</Filter>
    </ClInclude>
    <ClInclude Include="pch.h">
      <Filter>Header Files</Filter>
    </ClInclude>
    <ClInclude Include="impl\d3d9_impl.h">
      <Filter>Header Files</Filter>
    </ClInclude>
    <ClInclude Include="impl\win32_impl.h">
      <Filter>Header Files</Filter>
    </ClInclude>
    <ClInclude Include="kiero.h">
      <Filter>Header Files</Filter>
    </ClInclude>
    <ClInclude Include="imgui\imconfig.h">
      <Filter>Header Files</Filter>
    </ClInclude>
    <ClInclude Include="imgui\imgui.h">
      <Filter>Header Files</Filter>
    </ClInclude>
    <ClInclude Include="imgui\imgui_impl_dx9.h">
      <Filter>Header Files</Filter>
    </ClInclude>
    <ClInclude Include="imgui\imgui_impl_win32.h">
      <Filter>Header Files</Filter>
    </ClInclude>
    <ClInclude Include="imgui\imgui_internal.h">
      <Filter>Header Files</Filter>
    </ClInclude>
    <ClInclude Include="imgui\imstb_rectpack.h">
      <Filter>Header Files</Filter>
    </ClInclude>
    <ClInclude Include="imgui\imstb_textedit.h">
      <Filter>Header Files</Filter>
    </ClInclude>
    <ClInclude Include="imgui\imstb_truetype.h">
      <Filter>Header Files</Filter>
    </ClInclude>
    <ClInclude Include="minhook\include\MinHook.h">
      <Filter>Header Files</Filter>
    </ClInclude>
    <ClInclude Include="minhook\src\hde\hde32.h">
      <Filter>Header Files</Filter>
    </ClInclude>
    <ClInclude Include="minhook\src\hde\hde64.h">
      <Filter>Header Files</Filter>
    </ClInclude>
    <ClInclude Include="minhook\src\hde\pstdint.h">
      <Filter>Header Files</Filter>
    </ClInclude>
    <ClInclude Include="minhook\src\hde\table32.h">
      <Filter>Header Files</Filter>
    </ClInclude>
    <ClInclude Include="minhook\src\hde\table64.h">
      <Filter>Header Files</Filter>
    </ClInclude>
    <ClInclude Include="minhook\src\buffer.h">
      <Filter>Header Files</Filter>
    </ClInclude>
    <ClInclude Include="minhook\src\trampoline.h">
      <Filter>Header Files</Filter>
    </ClInclude>
    <ClInclude Include="gui.h">
      <Filter>Header Files</Filter>
    </ClInclude>
    <ClInclude Include="game\Animation.h">
      <Filter>Header Files</Filter>
    </ClInclude>
    <ClInclude Include="game\ARGB32.h">
      <Filter>Header Files</Filter>
    </ClInclude>
    <ClInclude Include="game\BattleParameter.h">
      <Filter>Header Files</Filter>
    </ClInclude>
    <ClInclude Include="game\BattleParameterImplement.h">
      <Filter>Header Files</Filter>
    </ClInclude>
    <ClInclude Include="game\BattleParameterManager.h">
      <Filter>Header Files</Filter>
    </ClInclude>
    <ClInclude Include="game\BattleParameterManagerImplement.h">
      <Filter>Header Files</Filter>
    </ClInclude>
    <ClInclude Include="game\BattleRegionManager.h">
      <Filter>Header Files</Filter>
    </ClInclude>
    <ClInclude Include="game\BattleRegionManagerImplement.h">
      <Filter>Header Files</Filter>
    </ClInclude>
    <ClInclude Include="game\BattleSituationManager.h">
      <Filter>Header Files</Filter>
    </ClInclude>
    <ClInclude Include="game\BattleSituationManagerImplement.h">
      <Filter>Header Files</Filter>
    </ClInclude>
    <ClInclude Include="game\Behavior.h">
      <Filter>Header Files</Filter>
    </ClInclude>
    <ClInclude Include="game\BehaviorAppBase.h">
      <Filter>Header Files</Filter>
    </ClInclude>
    <ClInclude Include="game\BehaviorDatabase.h">
      <Filter>Header Files</Filter>
    </ClInclude>
    <ClInclude Include="game\BehaviorDatabaseImplement.h">
      <Filter>Header Files</Filter>
    </ClInclude>
    <ClInclude Include="game\BehaviorDebrisActor.h">
      <Filter>Header Files</Filter>
    </ClInclude>
    <ClInclude Include="game\BehaviorDebrisBase.h">
      <Filter>Header Files</Filter>
    </ClInclude>
    <ClInclude Include="game\BehaviorEmBase.h">
      <Filter>Header Files</Filter>
    </ClInclude>
    <ClInclude Include="game\BehaviorUniqueAllocator.h">
      <Filter>Header Files</Filter>
    </ClInclude>
    <ClInclude Include="game\BehaviorUniqueAllocatorImplement.h">
      <Filter>Header Files</Filter>
    </ClInclude>
    <ClInclude Include="game\cActionMessageParts.h">
      <Filter>Header Files</Filter>
    </ClInclude>
    <ClInclude Include="game\Camera.h">
      <Filter>Header Files</Filter>
    </ClInclude>
    <ClInclude Include="game\cAttentionDisp.h">
      <Filter>Header Files</Filter>
    </ClInclude>
    <ClInclude Include="game\cBossWeaponInfoDisp.h">
      <Filter>Header Files</Filter>
    </ClInclude>
    <ClInclude Include="game\cCamera.h">
      <Filter>Header Files</Filter>
    </ClInclude>
    <ClInclude Include="game\cCameraApp.h">
      <Filter>Header Files</Filter>
    </ClInclude>
    <ClInclude Include="game\cCameraGame.h">
      <Filter>Header Files</Filter>
    </ClInclude>
    <ClInclude Include="game\cCameraViewProj.h">
      <Filter>Header Files</Filter>
    </ClInclude>
    <ClInclude Include="game\cChainCombo.h">
      <Filter>Header Files</Filter>
    </ClInclude>
    <ClInclude Include="game\cCodecMenu.h">
      <Filter>Header Files</Filter>
    </ClInclude>
    <ClInclude Include="game\cCodecMenuParts.h">
      <Filter>Header Files</Filter>
    </ClInclude>
    <ClInclude Include="game\cComboListMenu.h">
      <Filter>Header Files</Filter>
    </ClInclude>
    <ClInclude Include="game\cControllerHelpMenu.h">
      <Filter>Header Files</Filter>
    </ClInclude>
    <ClInclude Include="game\cCustomObjCtrlManager.h">
      <Filter>Header Files</Filter>
    </ClInclude>
    <ClInclude Include="game\cCustomObjCtrlManagerEx.h">
      <Filter>Header Files</Filter>
    </ClInclude>
    <ClInclude Include="game\cDestinationDisp.h">
      <Filter>Header Files</Filter>
    </ClInclude>
    <ClInclude Include="game\cDryCellGauge2.h">
      <Filter>Header Files</Filter>
    </ClInclude>
    <ClInclude Include="game\cEffectDatsuDisp.h">
      <Filter>Header Files</Filter>
    </ClInclude>
    <ClInclude Include="game\cEffectSouDisp.h">
      <Filter>Header Files</Filter>
    </ClInclude>
    <ClInclude Include="game\cEffectZanDisp.h">
      <Filter>Header Files</Filter>
    </ClInclude>
    <ClInclude Include="game\cEnemyCautionStateManager.h">
      <Filter>Header Files</Filter>
    </ClInclude>
    <ClInclude Include="game\cEnergyGaugeWhiteRaiden.h">
      <Filter>Header Files</Filter>
    </ClInclude>
    <ClInclude Include="game\cEspControler.h">
      <Filter>Header Files</Filter>
    </ClInclude>
    <ClInclude Include="game\cEventPauseMenu.h">
      <Filter>Header Files</Filter>
    </ClInclude>
    <ClInclude Include="game\cFilter.h">
      <Filter>Header Files</Filter>
    </ClInclude>
    <ClInclude Include="game\cFreeMissionDisp.h">
      <Filter>Header Files</Filter>
    </ClInclude>
    <ClInclude Include="game\cGameOverHackingMenu.h">
      <Filter>Header Files</Filter>
    </ClInclude>
    <ClInclude Include="game\cGameOverNormalMenu.h">
      <Filter>Header Files</Filter>
    </ClInclude>
    <ClInclude Include="game\cGameUIManager.h">
      <Filter>Header Files</Filter>
    </ClInclude>
    <ClInclude Include="game\cGrenadeGuideLine.h">
      <Filter>Header Files</Filter>
    </ClInclude>
    <ClInclude Include="game\CharacterControl.h">
      <Filter>Header Files</Filter>
    </ClInclude>
    <ClInclude Include="game\CharacterControlManager.h">
      <Filter>Header Files</Filter>
    </ClInclude>
    <ClInclude Include="game\CharacterControlManagerImplement.h">
      <Filter>Header Files</Filter>
    </ClInclude>
    <ClInclude Include="game\CharacterProxy.h">
      <Filter>Header Files</Filter>
    </ClInclude>
    <ClInclude Include="game\CharacterProxyListener.h">
      <Filter>Header Files</Filter>
    </ClInclude>
    <ClInclude Include="game\cItemBase.h">
      <Filter>Header Files</Filter>
    </ClInclude>
    <ClInclude Include="game\cItemGetDisp.h">
      <Filter>Header Files</Filter>
    </ClInclude>
    <ClInclude Include="game\cItemPossessionBase.h">
      <Filter>Header Files</Filter>
    </ClInclude>
    <ClInclude Include="game\cItemPossessionWeaponGranade.h">
      <Filter>Header Files</Filter>
    </ClInclude>
    <ClInclude Include="game\cJammingDie.h">
      <Filter>Header Files</Filter>
    </ClInclude>
    <ClInclude Include="game\cJammingWall.h">
      <Filter>Header Files</Filter>
    </ClInclude>
    <ClInclude Include="game\cKeyConfigHelpMenu.h">
      <Filter>Header Files</Filter>
    </ClInclude>
    <ClInclude Include="game\cLockonPartsList.h">
      <Filter>Header Files</Filter>
    </ClInclude>
    <ClInclude Include="game\cMenuKeyInfo.h">
      <Filter>Header Files</Filter>
    </ClInclude>
    <ClInclude Include="game\cMesh.h">
      <Filter>Header Files</Filter>
    </ClInclude>
    <ClInclude Include="game\cMeshBase.h">
      <Filter>Header Files</Filter>
    </ClInclude>
    <ClInclude Include="game\cModel.h">
      <Filter>Header Files</Filter>
    </ClInclude>
    <ClInclude Include="game\cModelBase.h">
      <Filter>Header Files</Filter>
    </ClInclude>
    <ClInclude Include="game\cNinjyaRunNavi.h">
      <Filter>Header Files</Filter>
    </ClInclude>
    <ClInclude Include="game\cObj.h">
      <Filter>Header Files</Filter>
    </ClInclude>
    <ClInclude Include="game\CollisionAttackData.h">
      <Filter>Header Files</Filter>
    </ClInclude>
    <ClInclude Include="game\CollisionUserData.h">
      <Filter>Header Files</Filter>
    </ClInclude>
    <ClInclude Include="game\common.h">
      <Filter>Header Files</Filter>
    </ClInclude>
    <ClInclude Include="game\cParts.h">
      <Filter>Header Files</Filter>
    </ClInclude>
    <ClInclude Include="game\cPlayerInfoManager.h">
      <Filter>Header Files</Filter>
    </ClInclude>
    <ClInclude Include="game\cQTEButton.h">
      <Filter>Header Files</Filter>
    </ClInclude>
    <ClInclude Include="game\cQTECallAlarm.h">
      <Filter>Header Files</Filter>
    </ClInclude>
    <ClInclude Include="game\cRadarMap.h">
      <Filter>Header Files</Filter>
    </ClInclude>
    <ClInclude Include="game\cResultDisp.h">
      <Filter>Header Files</Filter>
    </ClInclude>
    <ClInclude Include="game\cRpgSite.h">
      <Filter>Header Files</Filter>
    </ClInclude>
    <ClInclude Include="game\cSentryGunSite.h">
      <Filter>Header Files</Filter>
    </ClInclude>
    <ClInclude Include="game\cSlowRateManager.h">
      <Filter>Header Files</Filter>
    </ClInclude>
    <ClInclude Include="game\cSlowRateUnit.h">
      <Filter>Header Files</Filter>
    </ClInclude>
    <ClInclude Include="game\cStageConnect.h">
      <Filter>Header Files</Filter>
    </ClInclude>
    <ClInclude Include="game\cStealthKillTarget.h">
      <Filter>Header Files</Filter>
    </ClInclude>
    <ClInclude Include="game\cStingerMissileSite.h">
      <Filter>Header Files</Filter>
    </ClInclude>
    <ClInclude Include="game\cSubWeaponInfoDisp.h">
      <Filter>Header Files</Filter>
    </ClInclude>
    <ClInclude Include="game\cUnLockInfoDisp.h">
      <Filter>Header Files</Filter>
    </ClInclude>
    <ClInclude Include="game\cVec2.h">
      <Filter>Header Files</Filter>
    </ClInclude>
    <ClInclude Include="game\cVec3.h">
      <Filter>Header Files</Filter>
    </ClInclude>
    <ClInclude Include="game\cVec4.h">
      <Filter>Header Files</Filter>
    </ClInclude>
    <ClInclude Include="game\cVisorMode.h">
      <Filter>Header Files</Filter>
    </ClInclude>
    <ClInclude Include="game\cVRMissionBackPanel.h">
      <Filter>Header Files</Filter>
    </ClInclude>
    <ClInclude Include="game\cWeaponInfoDisp.h">
      <Filter>Header Files</Filter>
    </ClInclude>
    <ClInclude Include="game\cWeaponSelectItemMessageParts.h">
      <Filter>Header Files</Filter>
    </ClInclude>
    <ClInclude Include="game\cWeaponSelectMenu.h">
      <Filter>Header Files</Filter>
    </ClInclude>
    <ClInclude Include="game\cXml.h">
      <Filter>Header Files</Filter>
    </ClInclude>
    <ClInclude Include="game\cXmlBinary.h">
      <Filter>Header Files</Filter>
    </ClInclude>
    <ClInclude Include="game\EmBaseDLC.h">
      <Filter>Header Files</Filter>
    </ClInclude>
    <ClInclude Include="game\Entity.h">
      <Filter>Header Files</Filter>
    </ClInclude>
    <ClInclude Include="game\EntitySystem.h">
      <Filter>Header Files</Filter>
    </ClInclude>
    <ClInclude Include="game\EspCtrlCustomImpl.h">
      <Filter>Header Files</Filter>
    </ClInclude>
    <ClInclude Include="game\GameMenuStatus.h">
      <Filter>Header Files</Filter>
    </ClInclude>
    <ClInclude Include="game\GameWorkManager.h">
      <Filter>Header Files</Filter>
    </ClInclude>
    <ClInclude Include="game\GameWorkManagerImplement.h">
      <Filter>Header Files</Filter>
    </ClInclude>
    <ClInclude Include="game\hkBaseObject.h">
      <Filter>Header Files</Filter>
    </ClInclude>
    <ClInclude Include="game\hkpCharacterProxy.h">
      <Filter>Header Files</Filter>
    </ClInclude>
    <ClInclude Include="game\hkpCharacterProxyListener.h">
      <Filter>Header Files</Filter>
    </ClInclude>
    <ClInclude Include="game\hkpCharacterRigidBody.h">
      <Filter>Header Files</Filter>
    </ClInclude>
    <ClInclude Include="game\hkpEntity.h">
      <Filter>Header Files</Filter>
    </ClInclude>
    <ClInclude Include="game\hkpEntityListener.h">
      <Filter>Header Files</Filter>
    </ClInclude>
    <ClInclude Include="game\hkpPhantomListener.h">
      <Filter>Header Files</Filter>
    </ClInclude>
    <ClInclude Include="game\hkpRigidBody.h">
      <Filter>Header Files</Filter>
    </ClInclude>
    <ClInclude Include="game\hkpWorldObject.h">
      <Filter>Header Files</Filter>
    </ClInclude>
    <ClInclude Include="game\hkpWorldPostSimulationListener.h">
      <Filter>Header Files</Filter>
    </ClInclude>
    <ClInclude Include="game\hkReferencedObject.h">
      <Filter>Header Files</Filter>
    </ClInclude>
    <ClInclude Include="game\Hw.h">
      <Filter>Header Files</Filter>
    </ClInclude>
    <ClInclude Include="game\lib.h">
      <Filter>Header Files</Filter>
    </ClInclude>
    <ClInclude Include="game\ModelSystem.h">
      <Filter>Header Files</Filter>
    </ClInclude>
    <ClInclude Include="game\PhaseManager.h">
      <Filter>Header Files</Filter>
    </ClInclude>
    <ClInclude Include="game\PhaseReadManager.h">
      <Filter>Header Files</Filter>
    </ClInclude>
    <ClInclude Include="game\PhaseReadManagerImplement.h">
      <Filter>Header Files</Filter>
    </ClInclude>
    <ClInclude Include="game\Pl0000.h">
      <Filter>Header Files</Filter>
    </ClInclude>
    <ClInclude Include="game\Pl1400.h">
      <Filter>Header Files</Filter>
    </ClInclude>
    <ClInclude Include="game\Pl1500.h">
      <Filter>Header Files</Filter>
    </ClInclude>
    <ClInclude Include="game\PlayerManager.h">
      <Filter>Header Files</Filter>
    </ClInclude>
    <ClInclude Include="game\PlayerManagerImplement.h">
      <Filter>Header Files</Filter>
    </ClInclude>
    <ClInclude Include="game\PlBaseDLC.h">
      <Filter>Header Files</Filter>
    </ClInclude>
    <ClInclude Include="game\SceneModelSystem.h">
      <Filter>Header Files</Filter>
    </ClInclude>
    <ClInclude Include="game\SituationManager.h">
      <Filter>Header Files</Filter>
    </ClInclude>
    <ClInclude Include="game\SituationManagerImplement.h">
      <Filter>Header Files</Filter>
    </ClInclude>
    <ClInclude Include="game\Slot.h">
      <Filter>Header Files</Filter>
    </ClInclude>
    <ClInclude Include="game\StateMachineContext.h">
      <Filter>Header Files</Filter>
    </ClInclude>
    <ClInclude Include="game\StateMachineContextPl0010.h">
      <Filter>Header Files</Filter>
    </ClInclude>
    <ClInclude Include="game\StateMachineFactory.h">
      <Filter>Header Files</Filter>
    </ClInclude>
    <ClInclude Include="game\StateMachineFactoryPl0010.h">
      <Filter>Header Files</Filter>
    </ClInclude>
    <ClInclude Include="game\TargetManager.h">
      <Filter>Header Files</Filter>
    </ClInclude>
    <ClInclude Include="game\TargetManagerImplement.h">
      <Filter>Header Files</Filter>
    </ClInclude>
    <ClInclude Include="game\Trigger.h">
      <Filter>Header Files</Filter>
    </ClInclude>
    <ClInclude Include="shared\injector\gvm\gvm.hpp">
      <Filter>Header Files</Filter>
    </ClInclude>
    <ClInclude Include="shared\injector\gvm\translator.hpp">
      <Filter>Header Files</Filter>
    </ClInclude>
    <ClInclude Include="shared\injector\assembly.hpp">
      <Filter>Header Files</Filter>
    </ClInclude>
    <ClInclude Include="shared\injector\calling.hpp">
      <Filter>Header Files</Filter>
    </ClInclude>
    <ClInclude Include="shared\injector\hooking.hpp">
      <Filter>Header Files</Filter>
    </ClInclude>
    <ClInclude Include="shared\injector\injector.hpp">
      <Filter>Header Files</Filter>
    </ClInclude>
    <ClInclude Include="shared\injector\utility.hpp">
      <Filter>Header Files</Filter>
    </ClInclude>
    <ClInclude Include="shared\plugin.h">
      <Filter>Header Files</Filter>
    </ClInclude>
    <ClInclude Include="shared\shared.h">
      <Filter>Header Files</Filter>
    </ClInclude>
  </ItemGroup>
  <ItemGroup>
    <ClCompile Include="dllmain.cpp">
      <Filter>Source Files</Filter>
    </ClCompile>
    <ClCompile Include="pch.cpp">
      <Filter>Source Files</Filter>
    </ClCompile>
    <ClCompile Include="impl\d3d9_impl.cpp">
      <Filter>Source Files</Filter>
    </ClCompile>
    <ClCompile Include="impl\win32_impl.cpp">
      <Filter>Source Files</Filter>
    </ClCompile>
    <ClCompile Include="kiero.cpp">
      <Filter>Source Files</Filter>
    </ClCompile>
    <ClCompile Include="imgui\imgui.cpp">
      <Filter>Source Files</Filter>
    </ClCompile>
    <ClCompile Include="imgui\imgui_demo.cpp">
      <Filter>Source Files</Filter>
    </ClCompile>
    <ClCompile Include="imgui\imgui_draw.cpp">
      <Filter>Source Files</Filter>
    </ClCompile>
    <ClCompile Include="imgui\imgui_impl_dx9.cpp">
      <Filter>Source Files</Filter>
    </ClCompile>
    <ClCompile Include="imgui\imgui_impl_win32.cpp">
      <Filter>Source Files</Filter>
    </ClCompile>
    <ClCompile Include="imgui\imgui_widgets.cpp">
      <Filter>Source Files</Filter>
    </ClCompile>
    <ClCompile Include="minhook\src\hde\hde32.c">
      <Filter>Source Files</Filter>
    </ClCompile>
    <ClCompile Include="minhook\src\hde\hde64.c">
      <Filter>Source Files</Filter>
    </ClCompile>
    <ClCompile Include="minhook\src\buffer.c">
      <Filter>Source Files</Filter>
    </ClCompile>
    <ClCompile Include="minhook\src\hook.c">
      <Filter>Source Files</Filter>
    </ClCompile>
    <ClCompile Include="minhook\src\trampoline.c">
      <Filter>Source Files</Filter>
    </ClCompile>
    <ClCompile Include="gui.cpp">
      <Filter>Source Files</Filter>
    </ClCompile>
    <ClCompile Include="game\BattleParameterManagerImplement.cpp">
      <Filter>Source Files</Filter>
    </ClCompile>
    <ClCompile Include="game\BattleRegionManagerImplement.cpp">
      <Filter>Source Files</Filter>
    </ClCompile>
    <ClCompile Include="game\BattleSituationManagerImplement.cpp">
      <Filter>Source Files</Filter>
    </ClCompile>
    <ClCompile Include="game\Behavior.cpp">
      <Filter>Source Files</Filter>
    </ClCompile>
    <ClCompile Include="game\BehaviorAppBase.cpp">
      <Filter>Source Files</Filter>
    </ClCompile>
    <ClCompile Include="game\BehaviorDatabaseImplement.cpp">
      <Filter>Source Files</Filter>
    </ClCompile>
    <ClCompile Include="game\BehaviorUniqueAllocatorImplement.cpp">
      <Filter>Source Files</Filter>
    </ClCompile>
    <ClCompile Include="game\cCameraGame.cpp">
      <Filter>Source Files</Filter>
    </ClCompile>
    <ClCompile Include="game\cEspControler.cpp">
      <Filter>Source Files</Filter>
    </ClCompile>
    <ClCompile Include="game\cGameUIManager.cpp">
      <Filter>Source Files</Filter>
    </ClCompile>
    <ClCompile Include="game\CharacterControl.cpp">
      <Filter>Source Files</Filter>
    </ClCompile>
    <ClCompile Include="game\cObj.cpp">
      <Filter>Source Files</Filter>
    </ClCompile>
    <ClCompile Include="game\CollisionAttackData.cpp">
      <Filter>Source Files</Filter>
    </ClCompile>
    <ClCompile Include="game\common.cpp">
      <Filter>Source Files</Filter>
    </ClCompile>
    <ClCompile Include="game\cPlayerInfoManager.cpp">
      <Filter>Source Files</Filter>
    </ClCompile>
    <ClCompile Include="game\cSlowRateManager.cpp">
      <Filter>Source Files</Filter>
    </ClCompile>
    <ClCompile Include="game\cVec4.cpp">
      <Filter>Source Files</Filter>
    </ClCompile>
    <ClCompile Include="game\Entity.cpp">
      <Filter>Source Files</Filter>
    </ClCompile>
    <ClCompile Include="game\EntitySystem.cpp">
      <Filter>Source Files</Filter>
    </ClCompile>
    <ClCompile Include="game\Hw.cpp">
      <Filter>Source Files</Filter>
    </ClCompile>
    <ClCompile Include="game\PhaseManager.cpp">
      <Filter>Source Files</Filter>
    </ClCompile>
    <ClCompile Include="game\Pl0000.cpp">
      <Filter>Source Files</Filter>
    </ClCompile>
    <ClCompile Include="game\PlayerManagerImplement.cpp">
      <Filter>Source Files</Filter>
    </ClCompile>
    <ClCompile Include="game\SceneModelSystem.cpp">
      <Filter>Source Files</Filter>
    </ClCompile>
    <ClCompile Include="game\SituationManagerImplement.cpp">
      <Filter>Source Files</Filter>
    </ClCompile>
    <ClCompile Include="game\TargetManagerImplement.cpp">
      <Filter>Source Files</Filter>
    </ClCompile>
    <ClCompile Include="game\Trigger.cpp">
      <Filter>Source Files</Filter>
    </ClCompile>
  </ItemGroup>
</Project>